
Microsoft Visual Studio Solution File, Format Version 12.00
# Visual Studio Version 17
VisualStudioVersion = 17.6.33815.320
MinimumVisualStudioVersion = 10.0.40219.1
Project("{FAE04EC0-301F-11D3-BF4B-00C04F79EFBC}") = "Demo", "Demo\Demo.csproj", "{2E8A768E-432E-48D1-843F-D0CB3E10E1C2}"
EndProject
Project("{FAE04EC0-301F-11D3-BF4B-00C04F79EFBC}") = "Domain", "Domain\Domain.csproj", "{A680F5C2-A646-497A-ACE1-BED7CE2BA709}"
EndProject
Project("{FAE04EC0-301F-11D3-BF4B-00C04F79EFBC}") = "Services", "Services\Services.csproj", "{DDEFFD89-2B78-482B-A2FA-8A9A02DA43AB}"
EndProject
Global
	GlobalSection(SolutionConfigurationPlatforms) = preSolution
		Debug|Any CPU = Debug|Any CPU
		Release|Any CPU = Release|Any CPU
	EndGlobalSection
	GlobalSection(ProjectConfigurationPlatforms) = postSolution
		{2E8A768E-432E-48D1-843F-D0CB3E10E1C2}.Debug|Any CPU.ActiveCfg = Debug|Any CPU
		{2E8A768E-432E-48D1-843F-D0CB3E10E1C2}.Debug|Any CPU.Build.0 = Debug|Any CPU
		{2E8A768E-432E-48D1-843F-D0CB3E10E1C2}.Release|Any CPU.ActiveCfg = Release|Any CPU
		{2E8A768E-432E-48D1-843F-D0CB3E10E1C2}.Release|Any CPU.Build.0 = Release|Any CPU
		{A680F5C2-A646-497A-ACE1-BED7CE2BA709}.Debug|Any CPU.ActiveCfg = Debug|Any CPU
		{A680F5C2-A646-497A-ACE1-BED7CE2BA709}.Debug|Any CPU.Build.0 = Debug|Any CPU
		{A680F5C2-A646-497A-ACE1-BED7CE2BA709}.Release|Any CPU.ActiveCfg = Release|Any CPU
		{A680F5C2-A646-497A-ACE1-BED7CE2BA709}.Release|Any CPU.Build.0 = Release|Any CPU
		{DDEFFD89-2B78-482B-A2FA-8A9A02DA43AB}.Debug|Any CPU.ActiveCfg = Debug|Any CPU
		{DDEFFD89-2B78-482B-A2FA-8A9A02DA43AB}.Debug|Any CPU.Build.0 = Debug|Any CPU
		{DDEFFD89-2B78-482B-A2FA-8A9A02DA43AB}.Release|Any CPU.ActiveCfg = Release|Any CPU
		{DDEFFD89-2B78-482B-A2FA-8A9A02DA43AB}.Release|Any CPU.Build.0 = Release|Any CPU
	EndGlobalSection
	GlobalSection(SolutionProperties) = preSolution
		HideSolutionNode = FALSE
	EndGlobalSection
	GlobalSection(ExtensibilityGlobals) = postSolution
		SolutionGuid = {207C37E2-616B-41A9-A4F3-C89AA16EA180}
	EndGlobalSection
EndGlobal
