
Microsoft Visual Studio Solution File, Format Version 12.00
# Visual Studio Version 17
VisualStudioVersion = 17.5.33627.172
MinimumVisualStudioVersion = 10.0.40219.1
Project("{2150E333-8FDC-42A3-9474-1A3956D46DE8}") = "src", "src", "{356D8FE2-DA88-4896-8FDF-7217E96A7283}"
EndProject
Project("{FAE04EC0-301F-11D3-BF4B-00C04F79EFBC}") = "Company.WebApi", "scr\Company.WebApi\Company.WebApi.csproj", "{B3BD9556-31B5-46B6-8518-A6C9464CA267}"
EndProject
Project("{FAE04EC0-301F-11D3-BF4B-00C04F79EFBC}") = "Company.Domain", "scr\Company.Domain\Company.Domain.csproj", "{7B6292B2-2B85-4F72-822D-F52CACECEF79}"
EndProject
Project("{FAE04EC0-301F-11D3-BF4B-00C04F79EFBC}") = "Company.Service", "scr\Company.Service\Company.Service.csproj", "{D4FC9189-36B7-42F9-A6B6-E61314FE6D28}"
EndProject
Global
	GlobalSection(SolutionConfigurationPlatforms) = preSolution
		Debug|Any CPU = Debug|Any CPU
		Release|Any CPU = Release|Any CPU
	EndGlobalSection
	GlobalSection(ProjectConfigurationPlatforms) = postSolution
		{B3BD9556-31B5-46B6-8518-A6C9464CA267}.Debug|Any CPU.ActiveCfg = Debug|Any CPU
		{B3BD9556-31B5-46B6-8518-A6C9464CA267}.Debug|Any CPU.Build.0 = Debug|Any CPU
		{B3BD9556-31B5-46B6-8518-A6C9464CA267}.Release|Any CPU.ActiveCfg = Release|Any CPU
		{B3BD9556-31B5-46B6-8518-A6C9464CA267}.Release|Any CPU.Build.0 = Release|Any CPU
		{7B6292B2-2B85-4F72-822D-F52CACECEF79}.Debug|Any CPU.ActiveCfg = Debug|Any CPU
		{7B6292B2-2B85-4F72-822D-F52CACECEF79}.Debug|Any CPU.Build.0 = Debug|Any CPU
		{7B6292B2-2B85-4F72-822D-F52CACECEF79}.Release|Any CPU.ActiveCfg = Release|Any CPU
		{7B6292B2-2B85-4F72-822D-F52CACECEF79}.Release|Any CPU.Build.0 = Release|Any CPU
		{D4FC9189-36B7-42F9-A6B6-E61314FE6D28}.Debug|Any CPU.ActiveCfg = Debug|Any CPU
		{D4FC9189-36B7-42F9-A6B6-E61314FE6D28}.Debug|Any CPU.Build.0 = Debug|Any CPU
		{D4FC9189-36B7-42F9-A6B6-E61314FE6D28}.Release|Any CPU.ActiveCfg = Release|Any CPU
		{D4FC9189-36B7-42F9-A6B6-E61314FE6D28}.Release|Any CPU.Build.0 = Release|Any CPU
	EndGlobalSection
	GlobalSection(SolutionProperties) = preSolution
		HideSolutionNode = FALSE
	EndGlobalSection
	GlobalSection(NestedProjects) = preSolution
		{B3BD9556-31B5-46B6-8518-A6C9464CA267} = {356D8FE2-DA88-4896-8FDF-7217E96A7283}
		{7B6292B2-2B85-4F72-822D-F52CACECEF79} = {356D8FE2-DA88-4896-8FDF-7217E96A7283}
		{D4FC9189-36B7-42F9-A6B6-E61314FE6D28} = {356D8FE2-DA88-4896-8FDF-7217E96A7283}
	EndGlobalSection
	GlobalSection(ExtensibilityGlobals) = postSolution
		SolutionGuid = {7A8C8D51-894D-4212-B52D-9E85E8C2338F}
	EndGlobalSection
EndGlobal
